
Microsoft Visual Studio Solution File, Format Version 12.00
# Visual Studio Version 17
VisualStudioVersion = 17.0.31903.59
MinimumVisualStudioVersion = 10.0.40219.1
Project("{2150E333-8FDC-42A3-9474-1A3956D46DE8}") = "src", "src", "{A9030B88-2BE6-436A-97B4-E072B518E5F4}"
EndProject
Project("{FAE04EC0-301F-11D3-BF4B-00C04F79EFBC}") = "Warden.Core", "src\Warden.Core\Warden.Core.csproj", "{D0421569-A844-4600-B5AD-D052910DB260}"
EndProject
Project("{2150E333-8FDC-42A3-9474-1A3956D46DE8}") = "tests", "tests", "{20473B22-6F9F-4377-8444-DF81CA8FF82A}"
EndProject
Project("{FAE04EC0-301F-11D3-BF4B-00C04F79EFBC}") = "Warden.Tests", "tests\Warden.Tests\Warden.Tests.csproj", "{BD7A26E0-B393-4250-BE31-5472CEC64DD7}"
EndProject
Project("{2150E333-8FDC-42A3-9474-1A3956D46DE8}") = "tools", "tools", "{D3BFF033-F4BE-4C0A-A4BC-6BC18C985270}"
EndProject
Project("{FAE04EC0-301F-11D3-BF4B-00C04F79EFBC}") = "Warden.Spike", "tools\Warden.Spike\Warden.Spike.csproj", "{A3198F0F-4F03-4E09-B42A-232A5DA70817}"
EndProject
Global
	GlobalSection(SolutionConfigurationPlatforms) = preSolution
		Debug|Any CPU = Debug|Any CPU
		Release|Any CPU = Release|Any CPU
	EndGlobalSection
	GlobalSection(SolutionProperties) = preSolution
		HideSolutionNode = FALSE
	EndGlobalSection
	GlobalSection(ProjectConfigurationPlatforms) = postSolution
		{D0421569-A844-4600-B5AD-D052910DB260}.Debug|Any CPU.ActiveCfg = Debug|Any CPU
		{D0421569-A844-4600-B5AD-D052910DB260}.Debug|Any CPU.Build.0 = Debug|Any CPU
		{D0421569-A844-4600-B5AD-D052910DB260}.Release|Any CPU.ActiveCfg = Release|Any CPU
		{D0421569-A844-4600-B5AD-D052910DB260}.Release|Any CPU.Build.0 = Release|Any CPU
		{BD7A26E0-B393-4250-BE31-5472CEC64DD7}.Debug|Any CPU.ActiveCfg = Debug|Any CPU
		{BD7A26E0-B393-4250-BE31-5472CEC64DD7}.Debug|Any CPU.Build.0 = Debug|Any CPU
		{BD7A26E0-B393-4250-BE31-5472CEC64DD7}.Release|Any CPU.ActiveCfg = Release|Any CPU
		{BD7A26E0-B393-4250-BE31-5472CEC64DD7}.Release|Any CPU.Build.0 = Release|Any CPU
		{A3198F0F-4F03-4E09-B42A-232A5DA70817}.Debug|Any CPU.ActiveCfg = Debug|Any CPU
		{A3198F0F-4F03-4E09-B42A-232A5DA70817}.Debug|Any CPU.Build.0 = Debug|Any CPU
		{A3198F0F-4F03-4E09-B42A-232A5DA70817}.Release|Any CPU.ActiveCfg = Release|Any CPU
		{A3198F0F-4F03-4E09-B42A-232A5DA70817}.Release|Any CPU.Build.0 = Release|Any CPU
	EndGlobalSection
	GlobalSection(NestedProjects) = preSolution
		{D0421569-A844-4600-B5AD-D052910DB260} = {A9030B88-2BE6-436A-97B4-E072B518E5F4}
		{BD7A26E0-B393-4250-BE31-5472CEC64DD7} = {20473B22-6F9F-4377-8444-DF81CA8FF82A}
		{A3198F0F-4F03-4E09-B42A-232A5DA70817} = {D3BFF033-F4BE-4C0A-A4BC-6BC18C985270}
	EndGlobalSection
EndGlobal
