
Microsoft Visual Studio Solution File, Format Version 12.00
# Visual Studio Version 17
VisualStudioVersion = 17.0.31903.59
MinimumVisualStudioVersion = 10.0.40219.1
Project("{2150E333-8FDC-42A3-9474-1A3956D46DE8}") = "src", "src", "{A9030B88-2BE6-436A-97B4-E072B518E5F4}"
EndProject
Project("{FAE04EC0-301F-11D3-BF4B-00C04F79EFBC}") = "Warden.Core", "src\Warden.Core\Warden.Core.csproj", "{D0421569-A844-4600-B5AD-D052910DB260}"
EndProject
Project("{2150E333-8FDC-42A3-9474-1A3956D46DE8}") = "tests", "tests", "{20473B22-6F9F-4377-8444-DF81CA8FF82A}"
EndProject
Project("{FAE04EC0-301F-11D3-BF4B-00C04F79EFBC}") = "Warden.Tests", "tests\Warden.Tests\Warden.Tests.csproj", "{BD7A26E0-B393-4250-BE31-5472CEC64DD7}"
EndProject
Project("{2150E333-8FDC-42A3-9474-1A3956D46DE8}") = "tools", "tools", "{D3BFF033-F4BE-4C0A-A4BC-6BC18C985270}"
EndProject
Project("{FAE04EC0-301F-11D3-BF4B-00C04F79EFBC}") = "Warden.Spike", "tools\Warden.Spike\Warden.Spike.csproj", "{A3198F0F-4F03-4E09-B42A-232A5DA70817}"
EndProject
Project("{FAE04EC0-301F-11D3-BF4B-00C04F79EFBC}") = "Warden.Ipc", "src\Warden.Ipc\Warden.Ipc.csproj", "{E465C5DD-46AC-4758-8E19-1CC850F1326D}"
EndProject
Project("{FAE04EC0-301F-11D3-BF4B-00C04F79EFBC}") = "Warden.Storage", "src\Warden.Storage\Warden.Storage.csproj", "{CAE640EE-61C2-4DB4-BBB1-9696CC6A589B}"
EndProject
Project("{FAE04EC0-301F-11D3-BF4B-00C04F79EFBC}") = "Warden.Wdac", "src\Warden.Wdac\Warden.Wdac.csproj", "{1C56AAF7-4DF9-4C89-A7D1-C60F29C02368}"
EndProject
Project("{FAE04EC0-301F-11D3-BF4B-00C04F79EFBC}") = "Warden.Etw", "src\Warden.Etw\Warden.Etw.csproj", "{AF9D9D1C-A002-4B55-9733-FD3B728446FA}"
EndProject
Project("{FAE04EC0-301F-11D3-BF4B-00C04F79EFBC}") = "Warden.Trust", "src\Warden.Trust\Warden.Trust.csproj", "{B73108E3-1285-419E-9446-5788F3639653}"
EndProject
Project("{FAE04EC0-301F-11D3-BF4B-00C04F79EFBC}") = "Warden.Rules", "src\Warden.Rules\Warden.Rules.csproj", "{BE7ED39B-8EC2-43E9-AC6C-ABACF9662616}"
EndProject
Project("{FAE04EC0-301F-11D3-BF4B-00C04F79EFBC}") = "Warden.Service", "src\Warden.Service\Warden.Service.csproj", "{E4317D01-1936-4DFA-8F1F-F225936A2ED9}"
EndProject
Project("{FAE04EC0-301F-11D3-BF4B-00C04F79EFBC}") = "Warden.Ui", "src\Warden.Ui\Warden.Ui.csproj", "{1DFEF344-27E7-4CBC-AADF-6DD9D0396501}"
EndProject
Global
	GlobalSection(SolutionConfigurationPlatforms) = preSolution
		Debug|Any CPU = Debug|Any CPU
		Release|Any CPU = Release|Any CPU
	EndGlobalSection
	GlobalSection(SolutionProperties) = preSolution
		HideSolutionNode = FALSE
	EndGlobalSection
	GlobalSection(ProjectConfigurationPlatforms) = postSolution
		{D0421569-A844-4600-B5AD-D052910DB260}.Debug|Any CPU.ActiveCfg = Debug|Any CPU
		{D0421569-A844-4600-B5AD-D052910DB260}.Debug|Any CPU.Build.0 = Debug|Any CPU
		{D0421569-A844-4600-B5AD-D052910DB260}.Release|Any CPU.ActiveCfg = Release|Any CPU
		{D0421569-A844-4600-B5AD-D052910DB260}.Release|Any CPU.Build.0 = Release|Any CPU
		{BD7A26E0-B393-4250-BE31-5472CEC64DD7}.Debug|Any CPU.ActiveCfg = Debug|Any CPU
		{BD7A26E0-B393-4250-BE31-5472CEC64DD7}.Debug|Any CPU.Build.0 = Debug|Any CPU
		{BD7A26E0-B393-4250-BE31-5472CEC64DD7}.Release|Any CPU.ActiveCfg = Release|Any CPU
		{BD7A26E0-B393-4250-BE31-5472CEC64DD7}.Release|Any CPU.Build.0 = Release|Any CPU
		{A3198F0F-4F03-4E09-B42A-232A5DA70817}.Debug|Any CPU.ActiveCfg = Debug|Any CPU
		{A3198F0F-4F03-4E09-B42A-232A5DA70817}.Debug|Any CPU.Build.0 = Debug|Any CPU
		{A3198F0F-4F03-4E09-B42A-232A5DA70817}.Release|Any CPU.ActiveCfg = Release|Any CPU
		{A3198F0F-4F03-4E09-B42A-232A5DA70817}.Release|Any CPU.Build.0 = Release|Any CPU
		{E465C5DD-46AC-4758-8E19-1CC850F1326D}.Debug|Any CPU.ActiveCfg = Debug|Any CPU
		{E465C5DD-46AC-4758-8E19-1CC850F1326D}.Debug|Any CPU.Build.0 = Debug|Any CPU
		{E465C5DD-46AC-4758-8E19-1CC850F1326D}.Release|Any CPU.ActiveCfg = Release|Any CPU
		{E465C5DD-46AC-4758-8E19-1CC850F1326D}.Release|Any CPU.Build.0 = Release|Any CPU
		{CAE640EE-61C2-4DB4-BBB1-9696CC6A589B}.Debug|Any CPU.ActiveCfg = Debug|Any CPU
		{CAE640EE-61C2-4DB4-BBB1-9696CC6A589B}.Debug|Any CPU.Build.0 = Debug|Any CPU
		{CAE640EE-61C2-4DB4-BBB1-9696CC6A589B}.Release|Any CPU.ActiveCfg = Release|Any CPU
		{CAE640EE-61C2-4DB4-BBB1-9696CC6A589B}.Release|Any CPU.Build.0 = Release|Any CPU
		{1C56AAF7-4DF9-4C89-A7D1-C60F29C02368}.Debug|Any CPU.ActiveCfg = Debug|Any CPU
		{1C56AAF7-4DF9-4C89-A7D1-C60F29C02368}.Debug|Any CPU.Build.0 = Debug|Any CPU
		{1C56AAF7-4DF9-4C89-A7D1-C60F29C02368}.Release|Any CPU.ActiveCfg = Release|Any CPU
		{1C56AAF7-4DF9-4C89-A7D1-C60F29C02368}.Release|Any CPU.Build.0 = Release|Any CPU
		{AF9D9D1C-A002-4B55-9733-FD3B728446FA}.Debug|Any CPU.ActiveCfg = Debug|Any CPU
		{AF9D9D1C-A002-4B55-9733-FD3B728446FA}.Debug|Any CPU.Build.0 = Debug|Any CPU
		{AF9D9D1C-A002-4B55-9733-FD3B728446FA}.Release|Any CPU.ActiveCfg = Release|Any CPU
		{AF9D9D1C-A002-4B55-9733-FD3B728446FA}.Release|Any CPU.Build.0 = Release|Any CPU
		{B73108E3-1285-419E-9446-5788F3639653}.Debug|Any CPU.ActiveCfg = Debug|Any CPU
		{B73108E3-1285-419E-9446-5788F3639653}.Debug|Any CPU.Build.0 = Debug|Any CPU
		{B73108E3-1285-419E-9446-5788F3639653}.Release|Any CPU.ActiveCfg = Release|Any CPU
		{B73108E3-1285-419E-9446-5788F3639653}.Release|Any CPU.Build.0 = Release|Any CPU
		{BE7ED39B-8EC2-43E9-AC6C-ABACF9662616}.Debug|Any CPU.ActiveCfg = Debug|Any CPU
		{BE7ED39B-8EC2-43E9-AC6C-ABACF9662616}.Debug|Any CPU.Build.0 = Debug|Any CPU
		{BE7ED39B-8EC2-43E9-AC6C-ABACF9662616}.Release|Any CPU.ActiveCfg = Release|Any CPU
		{BE7ED39B-8EC2-43E9-AC6C-ABACF9662616}.Release|Any CPU.Build.0 = Release|Any CPU
		{E4317D01-1936-4DFA-8F1F-F225936A2ED9}.Debug|Any CPU.ActiveCfg = Debug|Any CPU
		{E4317D01-1936-4DFA-8F1F-F225936A2ED9}.Debug|Any CPU.Build.0 = Debug|Any CPU
		{E4317D01-1936-4DFA-8F1F-F225936A2ED9}.Release|Any CPU.ActiveCfg = Release|Any CPU
		{E4317D01-1936-4DFA-8F1F-F225936A2ED9}.Release|Any CPU.Build.0 = Release|Any CPU
		{1DFEF344-27E7-4CBC-AADF-6DD9D0396501}.Debug|Any CPU.ActiveCfg = Debug|Any CPU
		{1DFEF344-27E7-4CBC-AADF-6DD9D0396501}.Debug|Any CPU.Build.0 = Debug|Any CPU
		{1DFEF344-27E7-4CBC-AADF-6DD9D0396501}.Release|Any CPU.ActiveCfg = Release|Any CPU
		{1DFEF344-27E7-4CBC-AADF-6DD9D0396501}.Release|Any CPU.Build.0 = Release|Any CPU
	EndGlobalSection
	GlobalSection(NestedProjects) = preSolution
		{D0421569-A844-4600-B5AD-D052910DB260} = {A9030B88-2BE6-436A-97B4-E072B518E5F4}
		{BD7A26E0-B393-4250-BE31-5472CEC64DD7} = {20473B22-6F9F-4377-8444-DF81CA8FF82A}
		{A3198F0F-4F03-4E09-B42A-232A5DA70817} = {D3BFF033-F4BE-4C0A-A4BC-6BC18C985270}
		{E465C5DD-46AC-4758-8E19-1CC850F1326D} = {A9030B88-2BE6-436A-97B4-E072B518E5F4}
		{CAE640EE-61C2-4DB4-BBB1-9696CC6A589B} = {A9030B88-2BE6-436A-97B4-E072B518E5F4}
		{1C56AAF7-4DF9-4C89-A7D1-C60F29C02368} = {A9030B88-2BE6-436A-97B4-E072B518E5F4}
		{AF9D9D1C-A002-4B55-9733-FD3B728446FA} = {A9030B88-2BE6-436A-97B4-E072B518E5F4}
		{B73108E3-1285-419E-9446-5788F3639653} = {A9030B88-2BE6-436A-97B4-E072B518E5F4}
		{BE7ED39B-8EC2-43E9-AC6C-ABACF9662616} = {A9030B88-2BE6-436A-97B4-E072B518E5F4}
		{E4317D01-1936-4DFA-8F1F-F225936A2ED9} = {A9030B88-2BE6-436A-97B4-E072B518E5F4}
		{1DFEF344-27E7-4CBC-AADF-6DD9D0396501} = {A9030B88-2BE6-436A-97B4-E072B518E5F4}
	EndGlobalSection
EndGlobal
